// !$*UTF8*$!
{
	archiveVersion = 1;
	classes = {
	};
	objectVersion = 46;
	objects = {

/* Begin PBXBuildFile section */
		EAFC900C1A3F265700915D2B /* AppDelegate.swift in Sources */ = {isa = PBXBuildFile; fileRef = EAFC900B1A3F265700915D2B /* AppDelegate.swift */; };
		EAFC900F1A3F265700915D2B /* CoreDateTest.xcdatamodeld in Sources */ = {isa = PBXBuildFile; fileRef = EAFC900D1A3F265700915D2B /* CoreDateTest.xcdatamodeld */; };
		EAFC90111A3F265700915D2B /* ViewController.swift in Sources */ = {isa = PBXBuildFile; fileRef = EAFC90101A3F265700915D2B /* ViewController.swift */; };
		EAFC90141A3F265700915D2B /* Main.storyboard in Resources */ = {isa = PBXBuildFile; fileRef = EAFC90121A3F265700915D2B /* Main.storyboard */; };
		EAFC90161A3F265700915D2B /* Images.xcassets in Resources */ = {isa = PBXBuildFile; fileRef = EAFC90151A3F265700915D2B /* Images.xcassets */; };
		EAFC90191A3F265700915D2B /* LaunchScreen.xib in Resources */ = {isa = PBXBuildFile; fileRef = EAFC90171A3F265700915D2B /* LaunchScreen.xib */; };
		EAFC90251A3F265800915D2B /* CoreDateTestTests.swift in Sources */ = {isa = PBXBuildFile; fileRef = EAFC90241A3F265800915D2B /* CoreDateTestTests.swift */; };
/* End PBXBuildFile section */

/* Begin PBXContainerItemProxy section */
		EAFC901F1A3F265800915D2B /* PBXContainerItemProxy */ = {
			isa = PBXContainerItemProxy;
			containerPortal = EAFC8FFE1A3F265700915D2B /* Project object */;
			proxyType = 1;
			remoteGlobalIDString = EAFC90051A3F265700915D2B;
			remoteInfo = CoreDateTest;
		};
/* End PBXContainerItemProxy section */

/* Begin PBXFileReference section */
		EAFC90061A3F265700915D2B /* CoreDateTest.app */ = {isa = PBXFileReference; explicitFileType = wrapper.application; includeInIndex = 0; path = CoreDateTest.app; sourceTree = BUILT_PRODUCTS_DIR; };
		EAFC900A1A3F265700915D2B /* Info.plist */ = {isa = PBXFileReference; lastKnownFileType = text.plist.xml; path = Info.plist; sourceTree = "<group>"; };
		EAFC900B1A3F265700915D2B /* AppDelegate.swift */ = {isa = PBXFileReference; lastKnownFileType = sourcecode.swift; path = AppDelegate.swift; sourceTree = "<group>"; };
		EAFC900E1A3F265700915D2B /* CoreDateTest.xcdatamodel */ = {isa = PBXFileReference; lastKnownFileType = wrapper.xcdatamodel; path = CoreDateTest.xcdatamodel; sourceTree = "<group>"; };
		EAFC90101A3F265700915D2B /* ViewController.swift */ = {isa = PBXFileReference; lastKnownFileType = sourcecode.swift; path = ViewController.swift; sourceTree = "<group>"; };
		EAFC90131A3F265700915D2B /* Base */ = {isa = PBXFileReference; lastKnownFileType = file.storyboard; name = Base; path = Base.lproj/Main.storyboard; sourceTree = "<group>"; };
		EAFC90151A3F265700915D2B /* Images.xcassets */ = {isa = PBXFileReference; lastKnownFileType = folder.assetcatalog; path = Images.xcassets; sourceTree = "<group>"; };
		EAFC90181A3F265700915D2B /* Base */ = {isa = PBXFileReference; lastKnownFileType = file.xib; name = Base; path = Base.lproj/LaunchScreen.xib; sourceTree = "<group>"; };
		EAFC901E1A3F265800915D2B /* CoreDateTestTests.xctest */ = {isa = PBXFileReference; explicitFileType = wrapper.cfbundle; includeInIndex = 0; path = CoreDateTestTests.xctest; sourceTree = BUILT_PRODUCTS_DIR; };
		EAFC90231A3F265800915D2B /* Info.plist */ = {isa = PBXFileReference; lastKnownFileType = text.plist.xml; path = Info.plist; sourceTree = "<group>"; };
		EAFC90241A3F265800915D2B /* CoreDateTestTests.swift */ = {isa = PBXFileReference; lastKnownFileType = sourcecode.swift; path = CoreDateTestTests.swift; sourceTree = "<group>"; };
/* End PBXFileReference section */

/* Begin PBXFrameworksBuildPhase section */
		EAFC90031A3F265700915D2B /* Frameworks */ = {
			isa = PBXFrameworksBuildPhase;
			buildActionMask = 2147483647;
			files = (
			);
			runOnlyForDeploymentPostprocessing = 0;
		};
		EAFC901B1A3F265800915D2B /* Frameworks */ = {
			isa = PBXFrameworksBuildPhase;
			buildActionMask = 2147483647;
			files = (
			);
			runOnlyForDeploymentPostprocessing = 0;
		};
/* End PBXFrameworksBuildPhase section */

/* Begin PBXGroup section */
		EAFC8FFD1A3F265700915D2B = {
			isa = PBXGroup;
			children = (
				EAFC90081A3F265700915D2B /* CoreDateTest */,
				EAFC90211A3F265800915D2B /* CoreDateTestTests */,
				EAFC90071A3F265700915D2B /* Products */,
			);
			sourceTree = "<group>";
		};
		EAFC90071A3F265700915D2B /* Products */ = {
			isa = PBXGroup;
			children = (
				EAFC90061A3F265700915D2B /* CoreDateTest.app */,
				EAFC901E1A3F265800915D2B /* CoreDateTestTests.xctest */,
			);
			name = Products;
			sourceTree = "<group>";
		};
		EAFC90081A3F265700915D2B /* CoreDateTest */ = {
			isa = PBXGroup;
			children = (
				EAFC900B1A3F265700915D2B /* AppDelegate.swift */,
				EAFC90101A3F265700915D2B /* ViewController.swift */,
				EAFC90121A3F265700915D2B /* Main.storyboard */,
				EAFC90151A3F265700915D2B /* Images.xcassets */,
				EAFC90171A3F265700915D2B /* LaunchScreen.xib */,
				EAFC900D1A3F265700915D2B /* CoreDateTest.xcdatamodeld */,
				EAFC90091A3F265700915D2B /* Supporting Files */,
			);
			path = CoreDateTest;
			sourceTree = "<group>";
		};
		EAFC90091A3F265700915D2B /* Supporting Files */ = {
			isa = PBXGroup;
			children = (
				EAFC900A1A3F265700915D2B /* Info.plist */,
			);
			name = "Supporting Files";
			sourceTree = "<group>";
		};
		EAFC90211A3F265800915D2B /* CoreDateTestTests */ = {
			isa = PBXGroup;
			children = (
				EAFC90241A3F265800915D2B /* CoreDateTestTests.swift */,
				EAFC90221A3F265800915D2B /* Supporting Files */,
			);
			path = CoreDateTestTests;
			sourceTree = "<group>";
		};
		EAFC90221A3F265800915D2B /* Supporting Files */ = {
			isa = PBXGroup;
			children = (
				EAFC90231A3F265800915D2B /* Info.plist */,
			);
			name = "Supporting Files";
			sourceTree = "<group>";
		};
/* End PBXGroup section */

/* Begin PBXNativeTarget section */
		EAFC90051A3F265700915D2B /* CoreDateTest */ = {
			isa = PBXNativeTarget;
			buildConfigurationList = EAFC90281A3F265800915D2B /* Build configuration list for PBXNativeTarget "CoreDateTest" */;
			buildPhases = (
				EAFC90021A3F265700915D2B /* Sources */,
				EAFC90031A3F265700915D2B /* Frameworks */,
				EAFC90041A3F265700915D2B /* Resources */,
			);
			buildRules = (
			);
			dependencies = (
			);
			name = CoreDateTest;
			productName = CoreDateTest;
			productReference = EAFC90061A3F265700915D2B /* CoreDateTest.app */;
			productType = "com.apple.product-type.application";
		};
		EAFC901D1A3F265800915D2B /* CoreDateTestTests */ = {
			isa = PBXNativeTarget;
			buildConfigurationList = EAFC902B1A3F265800915D2B /* Build configuration list for PBXNativeTarget "CoreDateTestTests" */;
			buildPhases = (
				EAFC901A1A3F265800915D2B /* Sources */,
				EAFC901B1A3F265800915D2B /* Frameworks */,
				EAFC901C1A3F265800915D2B /* Resources */,
			);
			buildRules = (
			);
			dependencies = (
				EAFC90201A3F265800915D2B /* PBXTargetDependency */,
			);
			name = CoreDateTestTests;
			productName = CoreDateTestTests;
			productReference = EAFC901E1A3F265800915D2B /* CoreDateTestTests.xctest */;
			productType = "com.apple.product-type.bundle.unit-test";
		};
/* End PBXNativeTarget section */

/* Begin PBXProject section */
		EAFC8FFE1A3F265700915D2B /* Project object */ = {
			isa = PBXProject;
			attributes = {
				LastUpgradeCheck = 0620;
				ORGANIZATIONNAME = Benobab;
				TargetAttributes = {
					EAFC90051A3F265700915D2B = {
						CreatedOnToolsVersion = 6.2;
					};
					EAFC901D1A3F265800915D2B = {
						CreatedOnToolsVersion = 6.2;
						TestTargetID = EAFC90051A3F265700915D2B;
					};
				};
			};
			buildConfigurationList = EAFC90011A3F265700915D2B /* Build configuration list for PBXProject "CoreDateTest" */;
			compatibilityVersion = "Xcode 3.2";
			developmentRegion = English;
			hasScannedForEncodings = 0;
			knownRegions = (
				en,
				Base,
			);
			mainGroup = EAFC8FFD1A3F265700915D2B;
			productRefGroup = EAFC90071A3F265700915D2B /* Products */;
			projectDirPath = "";
			projectRoot = "";
			targets = (
				EAFC90051A3F265700915D2B /* CoreDateTest */,
				EAFC901D1A3F265800915D2B /* CoreDateTestTests */,
			);
		};
/* End PBXProject section */

/* Begin PBXResourcesBuildPhase section */
		EAFC90041A3F265700915D2B /* Resources */ = {
			isa = PBXResourcesBuildPhase;
			buildActionMask = 2147483647;
			files = (
				EAFC90141A3F265700915D2B /* Main.storyboard in Resources */,
				EAFC90191A3F265700915D2B /* LaunchScreen.xib in Resources */,
				EAFC90161A3F265700915D2B /* Images.xcassets in Resources */,
			);
			runOnlyForDeploymentPostprocessing = 0;
		};
		EAFC901C1A3F265800915D2B /* Resources */ = {
			isa = PBXResourcesBuildPhase;
			buildActionMask = 2147483647;
			files = (
			);
			runOnlyForDeploymentPostprocessing = 0;
		};
/* End PBXResourcesBuildPhase section */

/* Begin PBXSourcesBuildPhase section */
		EAFC90021A3F265700915D2B /* Sources */ = {
			isa = PBXSourcesBuildPhase;
			buildActionMask = 2147483647;
			files = (
				EAFC90111A3F265700915D2B /* ViewController.swift in Sources */,
				EAFC900F1A3F265700915D2B /* CoreDateTest.xcdatamodeld in Sources */,
				EAFC900C1A3F265700915D2B /* AppDelegate.swift in Sources */,
			);
			runOnlyForDeploymentPostprocessing = 0;
		};
		EAFC901A1A3F265800915D2B /* Sources */ = {
			isa = PBXSourcesBuildPhase;
			buildActionMask = 2147483647;
			files = (
				EAFC90251A3F265800915D2B /* CoreDateTestTests.swift in Sources */,
			);
			runOnlyForDeploymentPostprocessing = 0;
		};
/* End PBXSourcesBuildPhase section */

/* Begin PBXTargetDependency section */
		EAFC90201A3F265800915D2B /* PBXTargetDependency */ = {
			isa = PBXTargetDependency;
			target = EAFC90051A3F265700915D2B /* CoreDateTest */;
			targetProxy = EAFC901F1A3F265800915D2B /* PBXContainerItemProxy */;
		};
/* End PBXTargetDependency section */

/* Begin PBXVariantGroup section */
		EAFC90121A3F265700915D2B /* Main.storyboard */ = {
			isa = PBXVariantGroup;
			children = (
				EAFC90131A3F265700915D2B /* Base */,
			);
			name = Main.storyboard;
			sourceTree = "<group>";
		};
		EAFC90171A3F265700915D2B /* LaunchScreen.xib */ = {
			isa = PBXVariantGroup;
			children = (
				EAFC90181A3F265700915D2B /* Base */,
			);
			name = LaunchScreen.xib;
			sourceTree = "<group>";
		};
/* End PBXVariantGroup section */

/* Begin XCBuildConfiguration section */
		EAFC90261A3F265800915D2B /* Debug */ = {
			isa = XCBuildConfiguration;
			buildSettings = {
				ALWAYS_SEARCH_USER_PATHS = NO;
				CLANG_CXX_LANGUAGE_STANDARD = "gnu++0x";
				CLANG_CXX_LIBRARY = "libc++";
				CLANG_ENABLE_MODULES = YES;
				CLANG_ENABLE_OBJC_ARC = YES;
				CLANG_WARN_BOOL_CONVERSION = YES;
				CLANG_WARN_CONSTANT_CONVERSION = YES;
				CLANG_WARN_DIRECT_OBJC_ISA_USAGE = YES_ERROR;
				CLANG_WARN_EMPTY_BODY = YES;
				CLANG_WARN_ENUM_CONVERSION = YES;
				CLANG_WARN_INT_CONVERSION = YES;
				CLANG_WARN_OBJC_ROOT_CLASS = YES_ERROR;
				CLANG_WARN_UNREACHABLE_CODE = YES;
				CLANG_WARN__DUPLICATE_METHOD_MATCH = YES;
				"CODE_SIGN_IDENTITY[sdk=iphoneos*]" = "iPhone Developer";
				COPY_PHASE_STRIP = NO;
				ENABLE_STRICT_OBJC_MSGSEND = YES;
				GCC_C_LANGUAGE_STANDARD = gnu99;
				GCC_DYNAMIC_NO_PIC = NO;
				GCC_OPTIMIZATION_LEVEL = 0;
				GCC_PREPROCESSOR_DEFINITIONS = (
					"DEBUG=1",
					"$(inherited)",
				);
				GCC_SYMBOLS_PRIVATE_EXTERN = NO;
				GCC_WARN_64_TO_32_BIT_CONVERSION = YES;
				GCC_WARN_ABOUT_RETURN_TYPE = YES_ERROR;
				GCC_WARN_UNDECLARED_SELECTOR = YES;
				GCC_WARN_UNINITIALIZED_AUTOS = YES_AGGRESSIVE;
				GCC_WARN_UNUSED_FUNCTION = YES;
				GCC_WARN_UNUSED_VARIABLE = YES;
				IPHONEOS_DEPLOYMENT_TARGET = 8.0;
				MTL_ENABLE_DEBUG_INFO = YES;
				ONLY_ACTIVE_ARCH = YES;
				SDKROOT = iphoneos;
				SWIFT_OPTIMIZATION_LEVEL = "-Onone";
				TARGETED_DEVICE_FAMILY = "1,2";
			};
			name = Debug;
		};
		EAFC90271A3F265800915D2B /* Release */ = {
			isa = XCBuildConfiguration;
			buildSettings = {
				ALWAYS_SEARCH_USER_PATHS = NO;
				CLANG_CXX_LANGUAGE_STANDARD = "gnu++0x";
				CLANG_CXX_LIBRARY = "libc++";
				CLANG_ENABLE_MODULES = YES;
				CLANG_ENABLE_OBJC_ARC = YES;
				CLANG_WARN_BOOL_CONVERSION = YES;
				CLANG_WARN_CONSTANT_CONVERSION = YES;
				CLANG_WARN_DIRECT_OBJC_ISA_USAGE = YES_ERROR;
				CLANG_WARN_EMPTY_BODY = YES;
				CLANG_WARN_ENUM_CONVERSION = YES;
				CLANG_WARN_INT_CONVERSION = YES;
				CLANG_WARN_OBJC_ROOT_CLASS = YES_ERROR;
				CLANG_WARN_UNREACHABLE_CODE = YES;
				CLANG_WARN__DUPLICATE_METHOD_MATCH = YES;
				"CODE_SIGN_IDENTITY[sdk=iphoneos*]" = "iPhone Developer";
				COPY_PHASE_STRIP = YES;
				ENABLE_NS_ASSERTIONS = NO;
				ENABLE_STRICT_OBJC_MSGSEND = YES;
				GCC_C_LANGUAGE_STANDARD = gnu99;
				GCC_WARN_64_TO_32_BIT_CONVERSION = YES;
				GCC_WARN_ABOUT_RETURN_TYPE = YES_ERROR;
				GCC_WARN_UNDECLARED_SELECTOR = YES;
				GCC_WARN_UNINITIALIZED_AUTOS = YES_AGGRESSIVE;
				GCC_WARN_UNUSED_FUNCTION = YES;
				GCC_WARN_UNUSED_VARIABLE = YES;
				IPHONEOS_DEPLOYMENT_TARGET = 8.0;
				MTL_ENABLE_DEBUG_INFO = NO;
				SDKROOT = iphoneos;
				TARGETED_DEVICE_FAMILY = "1,2";
				VALIDATE_PRODUCT = YES;
			};
			name = Release;
		};
		EAFC90291A3F265800915D2B /* Debug */ = {
			isa = XCBuildConfiguration;
			buildSettings = {
				ASSETCATALOG_COMPILER_APPICON_NAME = AppIcon;
				INFOPLIST_FILE = CoreDateTest/Info.plist;
				LD_RUNPATH_SEARCH_PATHS = "$(inherited) @executable_path/Frameworks";
				PRODUCT_NAME = "$(TARGET_NAME)";
			};
			name = Debug;
		};
		EAFC902A1A3F265800915D2B /* Release */ = {
			isa = XCBuildConfiguration;
			buildSettings = {
				ASSETCATALOG_COMPILER_APPICON_NAME = AppIcon;
				INFOPLIST_FILE = CoreDateTest/Info.plist;
				LD_RUNPATH_SEARCH_PATHS = "$(inherited) @executable_path/Frameworks";
				PRODUCT_NAME = "$(TARGET_NAME)";
			};
			name = Release;
		};
		EAFC902C1A3F265800915D2B /* Debug */ = {
			isa = XCBuildConfiguration;
			buildSettings = {
				BUNDLE_LOADER = "$(TEST_HOST)";
				FRAMEWORK_SEARCH_PATHS = (
					"$(SDKROOT)/Developer/Library/Frameworks",
					"$(inherited)",
				);
				GCC_PREPROCESSOR_DEFINITIONS = (
					"DEBUG=1",
					"$(inherited)",
				);
				INFOPLIST_FILE = CoreDateTestTests/Info.plist;
				LD_RUNPATH_SEARCH_PATHS = "$(inherited) @executable_path/Frameworks @loader_path/Frameworks";
				PRODUCT_NAME = "$(TARGET_NAME)";
				TEST_HOST = "$(BUILT_PRODUCTS_DIR)/CoreDateTest.app/CoreDateTest";
			};
			name = Debug;
		};
		EAFC902D1A3F265800915D2B /* Release */ = {
			isa = XCBuildConfiguration;
			buildSettings = {
				BUNDLE_LOADER = "$(TEST_HOST)";
				FRAMEWORK_SEARCH_PATHS = (
					"$(SDKROOT)/Developer/Library/Frameworks",
					"$(inherited)",
				);
				INFOPLIST_FILE = CoreDateTestTests/Info.plist;
				LD_RUNPATH_SEARCH_PATHS = "$(inherited) @executable_path/Frameworks @loader_path/Frameworks";
				PRODUCT_NAME = "$(TARGET_NAME)";
				TEST_HOST = "$(BUILT_PRODUCTS_DIR)/CoreDateTest.app/CoreDateTest";
			};
			name = Release;
		};
/* End XCBuildConfiguration section */

/* Begin XCConfigurationList section */
		EAFC90011A3F265700915D2B /* Build configuration list for PBXProject "CoreDateTest" */ = {
			isa = XCConfigurationList;
			buildConfigurations = (
				EAFC90261A3F265800915D2B /* Debug */,
				EAFC90271A3F265800915D2B /* Release */,
			);
			defaultConfigurationIsVisible = 0;
			defaultConfigurationName = Release;
		};
		EAFC90281A3F265800915D2B /* Build configuration list for PBXNativeTarget "CoreDateTest" */ = {
			isa = XCConfigurationList;
			buildConfigurations = (
				EAFC90291A3F265800915D2B /* Debug */,
				EAFC902A1A3F265800915D2B /* Release */,
			);
			defaultConfigurationIsVisible = 0;
			defaultConfigurationName = Release;
		};
		EAFC902B1A3F265800915D2B /* Build configuration list for PBXNativeTarget "CoreDateTestTests" */ = {
			isa = XCConfigurationList;
			buildConfigurations = (
				EAFC902C1A3F265800915D2B /* Debug */,
				EAFC902D1A3F265800915D2B /* Release */,
			);
			defaultConfigurationIsVisible = 0;
			defaultConfigurationName = Release;
		};
/* End XCConfigurationList section */

/* Begin XCVersionGroup section */
		EAFC900D1A3F265700915D2B /* CoreDateTest.xcdatamodeld */ = {
			isa = XCVersionGroup;
			children = (
				EAFC900E1A3F265700915D2B /* CoreDateTest.xcdatamodel */,
			);
			currentVersion = EAFC900E1A3F265700915D2B /* CoreDateTest.xcdatamodel */;
			path = CoreDateTest.xcdatamodeld;
			sourceTree = "<group>";
			versionGroupType = wrapper.xcdatamodel;
		};
/* End XCVersionGroup section */
	};
	rootObject = EAFC8FFE1A3F265700915D2B /* Project object */;
}
